<?xml version="1.0" encoding="UTF-8" standalone="yes" ?>
<CodeBlocks_project_file>
	<FileVersion major="1" minor="6" />
	<Project>
		<Option title="Ogre" />
		<Option pch_mode="2" />
		<Option compiler="gcc" />
		<Build>
			<Target title="Debug">
				<Option output="bin/Debug/Ogre" prefix_auto="1" extension_auto="1" />
				<Option object_output="obj/Debug/" />
				<Option type="1" />
				<Option compiler="gcc" />
				<Compiler>
					<Add option="-g" />
				</Compiler>
			</Target>
			<Target title="Release">
				<Option output="bin/Release/Ogre" prefix_auto="1" extension_auto="1" />
				<Option object_output="obj/Release/" />
				<Option type="1" />
				<Option compiler="gcc" />
				<Compiler>
					<Add option="-O3" />
					<Add option="-O2" />
					<Add option="-Wshadow" />
					<Add option="-Winit-self" />
					<Add option="-Wundef" />
					<Add option="-Wmissing-declarations" />
					<Add option="-w" />
					<Add option="-Wextra" />
					<Add option="-std=c++11" />
					<Add option="-Wcast-qual" />
					<Add option="-Wwrite-strings" />
					<Add option="-Wno-unused-parameter" />
					<Add option="-Wno-missing-field-initializers" />
					<Add option="-Wno-long-long" />
					<Add option="-msse" />
					<Add option="-fvisibility=hidden" />
					<Add option="-fvisibility-inlines-hidden" />
					<Add option="-Winvalid-pch" />
					<Add option="-DNDEBUG" />
					<Add option="-DGLEW_STATIC" />
					<Add option="-DOGRE_GLPLUGIN_EXPORTS" />
					<Add option="-DYY_NEVER_INTERACTIVE" />
					<Add directory="include" />
					<Add directory="include/Threading" />
					<Add directory="src/OgreMain/Threading" />
					<Add directory="src/OgreMain/GLX" />
					<Add directory="src/OgreMain" />
					<Add directory="src/GL/include" />
					<Add directory="src/GL/include/GL" />
					<Add directory="src/GL/src" />
					<Add directory="src/GL/src/nvparse" />
					<Add directory="src/GL/src/atifs/include" />
					<Add directory="src/GL/src/GLSL/include" />
					<Add directory="src/GL/src/GLSL/src" />
					<Add directory="src/GLSupport/src" />
					<Add directory="src/GLSupport/src/GLSL" />
					<Add directory="src/GLSupport/src/GLX" />
					<Add directory="src/GLSupport/include" />
					<Add directory="src/GLSupport/include/GLSL" />
					<Add directory="src/GLSupport/include/GLX" />
					<Add directory="src/ParticleFX" />
					<Add directory="include/ParticleFX" />
					<Add directory="src/BSPSceneManager" />
					<Add directory="src/OctreeSceneManager" />
					<Add directory="src/STBICodec" />
					<Add directory="include/BSPSceneManager" />
					<Add directory="include/OctreeSceneManager" />
					<Add directory="include/STBICodec" />
				</Compiler>
				<Linker>
					<Add option="-s" />
					<Add option="-lSDL2" />
					<Add option="-lGL" />
					<Add option="-lGLU" />
					<Add option="-lfreetype" />
					<Add option="-lSM" />
					<Add option="-lICE" />
					<Add option="-lX11" />
					<Add option="-lXext" />
					<Add option="-lXrandr" />
					<Add option="-lXt" />
					<Add option="-lXaw" />
					<Add option="-lpthread" />
					<Add option="-ldl" />
					<Add option="-lfreeimage" />
					<Add option="-lzzip" />
					<Add option="-lz" />
				</Linker>
			</Target>
		</Build>
		<Compiler>
			<Add option="-Wall" />
			<Add option="-fexceptions" />
		</Compiler>
		<Unit filename="include/BSPSceneManager/OgreBspLevel.h" />
		<Unit filename="include/BSPSceneManager/OgreBspNode.h" />
		<Unit filename="include/BSPSceneManager/OgreBspSceneLoader.h" />
		<Unit filename="include/BSPSceneManager/OgreBspSceneManager.h" />
		<Unit filename="include/BSPSceneManager/OgreBspSceneManagerPlugin.h" />
		<Unit filename="include/BSPSceneManager/OgreBspSceneNode.h" />
		<Unit filename="include/BSPSceneManager/OgreQuake3Level.h" />
		<Unit filename="include/BSPSceneManager/OgreQuake3Shader.h" />
		<Unit filename="include/BSPSceneManager/OgreQuake3ShaderManager.h" />
		<Unit filename="include/BSPSceneManager/OgreQuake3Types.h" />
		<Unit filename="include/OctreeSceneManager/OgreOctree.h" />
		<Unit filename="include/OctreeSceneManager/OgreOctreeCamera.h" />
		<Unit filename="include/OctreeSceneManager/OgreOctreeNode.h" />
		<Unit filename="include/OctreeSceneManager/OgreOctreePlugin.h" />
		<Unit filename="include/OctreeSceneManager/OgreOctreeSceneManager.h" />
		<Unit filename="include/OctreeSceneManager/OgreOctreeSceneQuery.h" />
		<Unit filename="include/Ogre.h" />
		<Unit filename="include/OgreASTCCodec.h" />
		<Unit filename="include/OgreAlignedAllocator.h" />
		<Unit filename="include/OgreAnimable.h" />
		<Unit filename="include/OgreAnimation.h" />
		<Unit filename="include/OgreAnimationState.h" />
		<Unit filename="include/OgreAnimationTrack.h" />
		<Unit filename="include/OgreAny.h" />
		<Unit filename="include/OgreArchive.h" />
		<Unit filename="include/OgreArchiveFactory.h" />
		<Unit filename="include/OgreArchiveManager.h" />
		<Unit filename="include/OgreAtomicScalar.h" />
		<Unit filename="include/OgreAutoParamDataSource.h" />
		<Unit filename="include/OgreAxisAlignedBox.h" />
		<Unit filename="include/OgreBillboard.h" />
		<Unit filename="include/OgreBillboardChain.h" />
		<Unit filename="include/OgreBillboardParticleRenderer.h" />
		<Unit filename="include/OgreBillboardSet.h" />
		<Unit filename="include/OgreBitesPrerequisites.h" />
		<Unit filename="include/OgreBitwise.h" />
		<Unit filename="include/OgreBlendMode.h" />
		<Unit filename="include/OgreBone.h" />
		<Unit filename="include/OgreBspPrerequisites.h" />
		<Unit filename="include/OgreBuildSettings.h" />
		<Unit filename="include/OgreCamera.h" />
		<Unit filename="include/OgreCodec.h" />
		<Unit filename="include/OgreColourValue.h" />
		<Unit filename="include/OgreCommon.h" />
		<Unit filename="include/OgreComponents.h" />
		<Unit filename="include/OgreCompositionPass.h" />
		<Unit filename="include/OgreCompositionTargetPass.h" />
		<Unit filename="include/OgreCompositionTechnique.h" />
		<Unit filename="include/OgreCompositor.h" />
		<Unit filename="include/OgreCompositorChain.h" />
		<Unit filename="include/OgreCompositorInstance.h" />
		<Unit filename="include/OgreCompositorLogic.h" />
		<Unit filename="include/OgreCompositorManager.h" />
		<Unit filename="include/OgreConfig.h" />
		<Unit filename="include/OgreConfigDialog.h" />
		<Unit filename="include/OgreConfigFile.h" />
		<Unit filename="include/OgreConfigOptionMap.h" />
		<Unit filename="include/OgreConfigPaths.h" />
		<Unit filename="include/OgreController.h" />
		<Unit filename="include/OgreControllerManager.h" />
		<Unit filename="include/OgreConvexBody.h" />
		<Unit filename="include/OgreCustomCompositionPass.h" />
		<Unit filename="include/OgreDDSCodec.h" />
		<Unit filename="include/OgreDataStream.h" />
		<Unit filename="include/OgreDefaultDebugDrawer.h" />
		<Unit filename="include/OgreDefaultHardwareBufferManager.h" />
		<Unit filename="include/OgreDeflate.h" />
		<Unit filename="include/OgreDepthBuffer.h" />
		<Unit filename="include/OgreDistanceLodStrategy.h" />
		<Unit filename="include/OgreDotScenePluginExports.h" />
		<Unit filename="include/OgreDualQuaternion.h" />
		<Unit filename="include/OgreDynLib.h" />
		<Unit filename="include/OgreDynLibManager.h" />
		<Unit filename="include/OgreETCCodec.h" />
		<Unit filename="include/OgreEdgeListBuilder.h" />
		<Unit filename="include/OgreEntity.h" />
		<Unit filename="include/OgreException.h" />
		<Unit filename="include/OgreExports.h" />
		<Unit filename="include/OgreExternalTextureSource.h" />
		<Unit filename="include/OgreExternalTextureSourceManager.h" />
		<Unit filename="include/OgreFactoryObj.h" />
		<Unit filename="include/OgreFileSystem.h" />
		<Unit filename="include/OgreFileSystemLayer.h" />
		<Unit filename="include/OgreFrameListener.h" />
		<Unit filename="include/OgreFreeImageCodecExports.h" />
		<Unit filename="include/OgreFrustum.h" />
		<Unit filename="include/OgreGL3PlusExports.h" />
		<Unit filename="include/OgreGLES2Config.h" />
		<Unit filename="include/OgreGLES2Exports.h" />
		<Unit filename="include/OgreGLSupportPrerequisites.h" />
		<Unit filename="include/OgreGpuProgram.h" />
		<Unit filename="include/OgreGpuProgramManager.h" />
		<Unit filename="include/OgreGpuProgramParams.h" />
		<Unit filename="include/OgreGpuProgramUsage.h" />
		<Unit filename="include/OgreHardwareBuffer.h" />
		<Unit filename="include/OgreHardwareBufferManager.h" />
		<Unit filename="include/OgreHardwareCounterBuffer.h" />
		<Unit filename="include/OgreHardwareIndexBuffer.h" />
		<Unit filename="include/OgreHardwareOcclusionQuery.h" />
		<Unit filename="include/OgreHardwarePixelBuffer.h" />
		<Unit filename="include/OgreHardwareUniformBuffer.h" />
		<Unit filename="include/OgreHardwareVertexBuffer.h" />
		<Unit filename="include/OgreHeaderPrefix.h" />
		<Unit filename="include/OgreHeaderSuffix.h" />
		<Unit filename="include/OgreHighLevelGpuProgram.h" />
		<Unit filename="include/OgreHighLevelGpuProgramManager.h" />
		<Unit filename="include/OgreImage.h" />
		<Unit filename="include/OgreImageCodec.h" />
		<Unit filename="include/OgreInstanceBatch.h" />
		<Unit filename="include/OgreInstanceBatchHW.h" />
		<Unit filename="include/OgreInstanceBatchHW_VTF.h" />
		<Unit filename="include/OgreInstanceBatchShader.h" />
		<Unit filename="include/OgreInstanceBatchVTF.h" />
		<Unit filename="include/OgreInstanceManager.h" />
		<Unit filename="include/OgreInstancedEntity.h" />
		<Unit filename="include/OgreIteratorWrapper.h" />
		<Unit filename="include/OgreIteratorWrappers.h" />
		<Unit filename="include/OgreKeyFrame.h" />
		<Unit filename="include/OgreLight.h" />
		<Unit filename="include/OgreLodListener.h" />
		<Unit filename="include/OgreLodStrategy.h" />
		<Unit filename="include/OgreLodStrategyManager.h" />
		<Unit filename="include/OgreLog.h" />
		<Unit filename="include/OgreLogManager.h" />
		<Unit filename="include/OgreManualObject.h" />
		<Unit filename="include/OgreMaterial.h" />
		<Unit filename="include/OgreMaterialManager.h" />
		<Unit filename="include/OgreMaterialSerializer.h" />
		<Unit filename="include/OgreMath.h" />
		<Unit filename="include/OgreMatrix3.h" />
		<Unit filename="include/OgreMatrix4.h" />
		<Unit filename="include/OgreMemoryAllocatorConfig.h" />
		<Unit filename="include/OgreMesh.h" />
		<Unit filename="include/OgreMeshFileFormat.h" />
		<Unit filename="include/OgreMeshManager.h" />
		<Unit filename="include/OgreMeshSerializer.h" />
		<Unit filename="include/OgreMovableObject.h" />
		<Unit filename="include/OgreMovablePlane.h" />
		<Unit filename="include/OgreMurmurHash3.h" />
		<Unit filename="include/OgreNameGenerator.h" />
		<Unit filename="include/OgreNode.h" />
		<Unit filename="include/OgreNumerics.h" />
		<Unit filename="include/OgreOctreePrerequisites.h" />
		<Unit filename="include/OgreOctreeZonePrerequisites.h" />
		<Unit filename="include/OgreOptimisedUtil.h" />
		<Unit filename="include/OgreOverlayPrerequisites.h" />
		<Unit filename="include/OgrePCZPrerequisites.h" />
		<Unit filename="include/OgrePVRTCCodec.h" />
		<Unit filename="include/OgreParticle.h" />
		<Unit filename="include/OgreParticleAffector.h" />
		<Unit filename="include/OgreParticleAffectorFactory.h" />
		<Unit filename="include/OgreParticleEmitter.h" />
		<Unit filename="include/OgreParticleEmitterFactory.h" />
		<Unit filename="include/OgreParticleFXPrerequisites.h" />
		<Unit filename="include/OgreParticleIterator.h" />
		<Unit filename="include/OgreParticleSystem.h" />
		<Unit filename="include/OgreParticleSystemManager.h" />
		<Unit filename="include/OgreParticleSystemRenderer.h" />
		<Unit filename="include/OgrePass.h" />
		<Unit filename="include/OgrePatchMesh.h" />
		<Unit filename="include/OgrePatchSurface.h" />
		<Unit filename="include/OgrePixelCountLodStrategy.h" />
		<Unit filename="include/OgrePixelFormat.h" />
		<Unit filename="include/OgrePlane.h" />
		<Unit filename="include/OgrePlaneBoundedVolume.h" />
		<Unit filename="include/OgrePlatform.h" />
		<Unit filename="include/OgrePlatformInformation.h" />
		<Unit filename="include/OgrePlugin.h" />
		<Unit filename="include/OgrePolygon.h" />
		<Unit filename="include/OgrePose.h" />
		<Unit filename="include/OgrePredefinedControllers.h" />
		<Unit filename="include/OgrePrerequisites.h" />
		<Unit filename="include/OgreProfiler.h" />
		<Unit filename="include/OgrePropertyPrerequisites.h" />
		<Unit filename="include/OgreQuaternion.h" />
		<Unit filename="include/OgreRTShaderConfig.h" />
		<Unit filename="include/OgreRTShaderExports.h" />
		<Unit filename="include/OgreRadixSort.h" />
		<Unit filename="include/OgreRay.h" />
		<Unit filename="include/OgreRectangle2D.h" />
		<Unit filename="include/OgreRenderObjectListener.h" />
		<Unit filename="include/OgreRenderOperation.h" />
		<Unit filename="include/OgreRenderQueue.h" />
		<Unit filename="include/OgreRenderQueueInvocation.h" />
		<Unit filename="include/OgreRenderQueueListener.h" />
		<Unit filename="include/OgreRenderQueueSortingGrouping.h" />
		<Unit filename="include/OgreRenderSystem.h" />
		<Unit filename="include/OgreRenderSystemCapabilities.h" />
		<Unit filename="include/OgreRenderSystemCapabilitiesManager.h" />
		<Unit filename="include/OgreRenderSystemCapabilitiesSerializer.h" />
		<Unit filename="include/OgreRenderTarget.h" />
		<Unit filename="include/OgreRenderTargetListener.h" />
		<Unit filename="include/OgreRenderTexture.h" />
		<Unit filename="include/OgreRenderToVertexBuffer.h" />
		<Unit filename="include/OgreRenderWindow.h" />
		<Unit filename="include/OgreRenderable.h" />
		<Unit filename="include/OgreResource.h" />
		<Unit filename="include/OgreResourceBackgroundQueue.h" />
		<Unit filename="include/OgreResourceGroupManager.h" />
		<Unit filename="include/OgreResourceManager.h" />
		<Unit filename="include/OgreRibbonTrail.h" />
		<Unit filename="include/OgreRoot.h" />
		<Unit filename="include/OgreRotationalSpline.h" />
		<Unit filename="include/OgreSTBICodecExports.h" />
		<Unit filename="include/OgreSceneLoader.h" />
		<Unit filename="include/OgreSceneLoaderManager.h" />
		<Unit filename="include/OgreSceneManager.h" />
		<Unit filename="include/OgreSceneManagerEnumerator.h" />
		<Unit filename="include/OgreSceneNode.h" />
		<Unit filename="include/OgreSceneQuery.h" />
		<Unit filename="include/OgreScriptCompiler.h" />
		<Unit filename="include/OgreScriptLoader.h" />
		<Unit filename="include/OgreScriptTranslator.h" />
		<Unit filename="include/OgreSearchOps.h" />
		<Unit filename="include/OgreSerializer.h" />
		<Unit filename="include/OgreShadowCameraSetup.h" />
		<Unit filename="include/OgreShadowCameraSetupFocused.h" />
		<Unit filename="include/OgreShadowCameraSetupLiSPSM.h" />
		<Unit filename="include/OgreShadowCameraSetupPSSM.h" />
		<Unit filename="include/OgreShadowCameraSetupPlaneOptimal.h" />
		<Unit filename="include/OgreShadowCaster.h" />
		<Unit filename="include/OgreSharedPtr.h" />
		<Unit filename="include/OgreSimpleRenderable.h" />
		<Unit filename="include/OgreSimpleSpline.h" />
		<Unit filename="include/OgreSingleton.h" />
		<Unit filename="include/OgreSkeleton.h" />
		<Unit filename="include/OgreSkeletonFileFormat.h" />
		<Unit filename="include/OgreSkeletonInstance.h" />
		<Unit filename="include/OgreSkeletonManager.h" />
		<Unit filename="include/OgreSkeletonSerializer.h" />
		<Unit filename="include/OgreSphere.h" />
		<Unit filename="include/OgreStaticFaceGroup.h" />
		<Unit filename="include/OgreStaticGeometry.h" />
		<Unit filename="include/OgreStdHeaders.h" />
		<Unit filename="include/OgreStreamSerialiser.h" />
		<Unit filename="include/OgreString.h" />
		<Unit filename="include/OgreStringConverter.h" />
		<Unit filename="include/OgreStringInterface.h" />
		<Unit filename="include/OgreStringVector.h" />
		<Unit filename="include/OgreSubEntity.h" />
		<Unit filename="include/OgreSubMesh.h" />
		<Unit filename="include/OgreTagPoint.h" />
		<Unit filename="include/OgreTangentSpaceCalc.h" />
		<Unit filename="include/OgreTechnique.h" />
		<Unit filename="include/OgreTexture.h" />
		<Unit filename="include/OgreTextureManager.h" />
		<Unit filename="include/OgreTextureUnitState.h" />
		<Unit filename="include/OgreTimer.h" />
		<Unit filename="include/OgreUnifiedHighLevelGpuProgram.h" />
		<Unit filename="include/OgreUserObjectBindings.h" />
		<Unit filename="include/OgreVector.h" />
		<Unit filename="include/OgreVector2.h" />
		<Unit filename="include/OgreVector3.h" />
		<Unit filename="include/OgreVector4.h" />
		<Unit filename="include/OgreVertexBoneAssignment.h" />
		<Unit filename="include/OgreVertexIndexData.h" />
		<Unit filename="include/OgreViewport.h" />
		<Unit filename="include/OgreVolumePrerequisites.h" />
		<Unit filename="include/OgreWireBoundingBox.h" />
		<Unit filename="include/OgreWorkQueue.h" />
		<Unit filename="include/OgreZip.h" />
		<Unit filename="include/STBICodec/OgreSTBICodec.h" />
		<Unit filename="include/Threading/OgreDefaultWorkQueue.h" />
		<Unit filename="include/Threading/OgreDefaultWorkQueueStandard.h" />
		<Unit filename="include/Threading/OgreThreadDefines.h" />
		<Unit filename="include/Threading/OgreThreadDefinesNone.h" />
		<Unit filename="include/Threading/OgreThreadDefinesSTD.h" />
		<Unit filename="include/Threading/OgreThreadHeaders.h" />
		<Unit filename="include/Threading/OgreThreadHeadersSTD.h" />
		<Unit filename="main.cpp" />
		<Unit filename="src/BSPSceneManager/OgreBspLevel.cpp" />
		<Unit filename="src/BSPSceneManager/OgreBspNode.cpp" />
		<Unit filename="src/BSPSceneManager/OgreBspSceneLoader.cpp" />
		<Unit filename="src/BSPSceneManager/OgreBspSceneManager.cpp" />
		<Unit filename="src/BSPSceneManager/OgreBspSceneManagerDll.cpp" />
		<Unit filename="src/BSPSceneManager/OgreBspSceneManagerPlugin.cpp" />
		<Unit filename="src/BSPSceneManager/OgreBspSceneNode.cpp" />
		<Unit filename="src/BSPSceneManager/OgreQuake3Level.cpp" />
		<Unit filename="src/BSPSceneManager/OgreQuake3Shader.cpp" />
		<Unit filename="src/BSPSceneManager/OgreQuake3ShaderManager.cpp" />
		<Unit filename="src/GL/include/GL/glew.h" />
		<Unit filename="src/GL/include/GL/glxew.h" />
		<Unit filename="src/GL/include/GL/wglew.h" />
		<Unit filename="src/GL/include/OgreGLCopyingRenderTexture.h" />
		<Unit filename="src/GL/include/OgreGLDepthBuffer.h" />
		<Unit filename="src/GL/include/OgreGLFBOMultiRenderTarget.h" />
		<Unit filename="src/GL/include/OgreGLFBORenderTexture.h" />
		<Unit filename="src/GL/include/OgreGLFrameBufferObject.h" />
		<Unit filename="src/GL/include/OgreGLGpuNvparseProgram.h" />
		<Unit filename="src/GL/include/OgreGLGpuProgram.h" />
		<Unit filename="src/GL/include/OgreGLGpuProgramManager.h" />
		<Unit filename="src/GL/include/OgreGLHardwareBuffer.h" />
		<Unit filename="src/GL/include/OgreGLHardwareBufferManager.h" />
		<Unit filename="src/GL/include/OgreGLHardwareOcclusionQuery.h" />
		<Unit filename="src/GL/include/OgreGLHardwarePixelBuffer.h" />
		<Unit filename="src/GL/include/OgreGLPBRenderTexture.h" />
		<Unit filename="src/GL/include/OgreGLPixelFormat.h" />
		<Unit filename="src/GL/include/OgreGLPlugin.h" />
		<Unit filename="src/GL/include/OgreGLPrerequisites.h" />
		<Unit filename="src/GL/include/OgreGLRenderSystem.h" />
		<Unit filename="src/GL/include/OgreGLRenderToVertexBuffer.h" />
		<Unit filename="src/GL/include/OgreGLStateCacheManager.h" />
		<Unit filename="src/GL/include/OgreGLTexture.h" />
		<Unit filename="src/GL/include/OgreGLTextureManager.h" />
		<Unit filename="src/GL/src/GLSL/include/OgreGLSLExtSupport.h" />
		<Unit filename="src/GL/src/GLSL/include/OgreGLSLLinkProgram.h" />
		<Unit filename="src/GL/src/GLSL/include/OgreGLSLLinkProgramManager.h" />
		<Unit filename="src/GL/src/GLSL/include/OgreGLSLProgram.h" />
		<Unit filename="src/GL/src/GLSL/include/OgreGLSLProgramFactory.h" />
		<Unit filename="src/GL/src/GLSL/src/OgreGLSLExtSupport.cpp" />
		<Unit filename="src/GL/src/GLSL/src/OgreGLSLLinkProgram.cpp" />
		<Unit filename="src/GL/src/GLSL/src/OgreGLSLLinkProgramManager.cpp" />
		<Unit filename="src/GL/src/GLSL/src/OgreGLSLProgram.cpp" />
		<Unit filename="src/GL/src/GLSL/src/OgreGLSLProgramFactory.cpp" />
		<Unit filename="src/GL/src/OgreGLCopyingRenderTexture.cpp" />
		<Unit filename="src/GL/src/OgreGLDepthBuffer.cpp" />
		<Unit filename="src/GL/src/OgreGLEngineDll.cpp" />
		<Unit filename="src/GL/src/OgreGLFBOMultiRenderTarget.cpp" />
		<Unit filename="src/GL/src/OgreGLFBORenderTexture.cpp" />
		<Unit filename="src/GL/src/OgreGLFrameBufferObject.cpp" />
		<Unit filename="src/GL/src/OgreGLGpuNvparseProgram.cpp" />
		<Unit filename="src/GL/src/OgreGLGpuProgram.cpp" />
		<Unit filename="src/GL/src/OgreGLGpuProgramManager.cpp" />
		<Unit filename="src/GL/src/OgreGLHardwareBuffer.cpp" />
		<Unit filename="src/GL/src/OgreGLHardwareBufferManager.cpp" />
		<Unit filename="src/GL/src/OgreGLHardwareOcclusionQuery.cpp" />
		<Unit filename="src/GL/src/OgreGLHardwarePixelBuffer.cpp" />
		<Unit filename="src/GL/src/OgreGLPBRenderTexture.cpp" />
		<Unit filename="src/GL/src/OgreGLPixelFormat.cpp" />
		<Unit filename="src/GL/src/OgreGLPlugin.cpp" />
		<Unit filename="src/GL/src/OgreGLRenderSystem.cpp" />
		<Unit filename="src/GL/src/OgreGLRenderToVertexBuffer.cpp" />
		<Unit filename="src/GL/src/OgreGLStateCacheManager.cpp" />
		<Unit filename="src/GL/src/OgreGLTexture.cpp" />
		<Unit filename="src/GL/src/OgreGLTextureManager.cpp" />
		<Unit filename="src/GL/src/atifs/include/ATI_FS_GLGpuProgram.h" />
		<Unit filename="src/GL/src/atifs/include/Compiler2Pass.h" />
		<Unit filename="src/GL/src/atifs/include/ps_1_4.h" />
		<Unit filename="src/GL/src/atifs/src/ATI_FS_GLGpuProgram.cpp" />
		<Unit filename="src/GL/src/atifs/src/Compiler2Pass.cpp" />
		<Unit filename="src/GL/src/atifs/src/ps_1_4.cpp" />
		<Unit filename="src/GL/src/glew.c">
			<Option compilerVar="CC" />
		</Unit>
		<Unit filename="src/GL/src/nvparse/_ps1.0_lexer.cpp" />
		<Unit filename="src/GL/src/nvparse/_ps1.0_parser.cpp" />
		<Unit filename="src/GL/src/nvparse/_ps1.0_parser.h" />
		<Unit filename="src/GL/src/nvparse/_rc1.0_lexer.cpp" />
		<Unit filename="src/GL/src/nvparse/_rc1.0_parser.cpp" />
		<Unit filename="src/GL/src/nvparse/_rc1.0_parser.h" />
		<Unit filename="src/GL/src/nvparse/_ts1.0_lexer.cpp" />
		<Unit filename="src/GL/src/nvparse/_ts1.0_parser.cpp" />
		<Unit filename="src/GL/src/nvparse/_ts1.0_parser.h" />
		<Unit filename="src/GL/src/nvparse/_vs1.0_lexer.cpp" />
		<Unit filename="src/GL/src/nvparse/_vs1.0_parser.cpp" />
		<Unit filename="src/GL/src/nvparse/_vs1.0_parser.h" />
		<Unit filename="src/GL/src/nvparse/avp1.0_impl.cpp" />
		<Unit filename="src/GL/src/nvparse/macro.h" />
		<Unit filename="src/GL/src/nvparse/nvparse.cpp" />
		<Unit filename="src/GL/src/nvparse/nvparse.h" />
		<Unit filename="src/GL/src/nvparse/nvparse_errors.cpp" />
		<Unit filename="src/GL/src/nvparse/nvparse_errors.h" />
		<Unit filename="src/GL/src/nvparse/nvparse_externs.h" />
		<Unit filename="src/GL/src/nvparse/ps1.0_program.cpp" />
		<Unit filename="src/GL/src/nvparse/ps1.0_program.h" />
		<Unit filename="src/GL/src/nvparse/rc1.0_combiners.cpp" />
		<Unit filename="src/GL/src/nvparse/rc1.0_combiners.h" />
		<Unit filename="src/GL/src/nvparse/rc1.0_final.cpp" />
		<Unit filename="src/GL/src/nvparse/rc1.0_final.h" />
		<Unit filename="src/GL/src/nvparse/rc1.0_general.cpp" />
		<Unit filename="src/GL/src/nvparse/rc1.0_general.h" />
		<Unit filename="src/GL/src/nvparse/rc1.0_register.h" />
		<Unit filename="src/GL/src/nvparse/ts1.0_inst.cpp" />
		<Unit filename="src/GL/src/nvparse/ts1.0_inst.h" />
		<Unit filename="src/GL/src/nvparse/ts1.0_inst_list.cpp" />
		<Unit filename="src/GL/src/nvparse/ts1.0_inst_list.h" />
		<Unit filename="src/GL/src/nvparse/vcp1.0_impl.cpp" />
		<Unit filename="src/GL/src/nvparse/vp1.0_impl.cpp" />
		<Unit filename="src/GL/src/nvparse/vs1.0_inst.cpp" />
		<Unit filename="src/GL/src/nvparse/vs1.0_inst.h" />
		<Unit filename="src/GL/src/nvparse/vs1.0_inst_list.cpp" />
		<Unit filename="src/GL/src/nvparse/vs1.0_inst_list.h" />
		<Unit filename="src/GL/src/nvparse/vsp1.0_impl.cpp" />
		<Unit filename="src/GLSupport/include/GLSL/OgreGLSLPreprocessor.h" />
		<Unit filename="src/GLSupport/include/GLSL/OgreGLSLProgramCommon.h" />
		<Unit filename="src/GLSupport/include/GLSL/OgreGLSLProgramManagerCommon.h" />
		<Unit filename="src/GLSupport/include/GLSL/OgreGLSLShaderCommon.h" />
		<Unit filename="src/GLSupport/include/GLX/OgreGLXContext.h" />
		<Unit filename="src/GLSupport/include/GLX/OgreGLXGLSupport.h" />
		<Unit filename="src/GLSupport/include/GLX/OgreGLXRenderTexture.h" />
		<Unit filename="src/GLSupport/include/GLX/OgreGLXWindow.h" />
		<Unit filename="src/GLSupport/include/OgreGLContext.h" />
		<Unit filename="src/GLSupport/include/OgreGLDepthBufferCommon.h" />
		<Unit filename="src/GLSupport/include/OgreGLHardwarePixelBufferCommon.h" />
		<Unit filename="src/GLSupport/include/OgreGLNativeSupport.h" />
		<Unit filename="src/GLSupport/include/OgreGLPBuffer.h" />
		<Unit filename="src/GLSupport/include/OgreGLRenderSystemCommon.h" />
		<Unit filename="src/GLSupport/include/OgreGLRenderTarget.h" />
		<Unit filename="src/GLSupport/include/OgreGLRenderTexture.h" />
		<Unit filename="src/GLSupport/include/OgreGLStateCacheManagerCommon.h" />
		<Unit filename="src/GLSupport/include/OgreGLTextureCommon.h" />
		<Unit filename="src/GLSupport/include/OgreGLUniformCache.h" />
		<Unit filename="src/GLSupport/include/OgreGLUtil.h" />
		<Unit filename="src/GLSupport/include/OgreGLVertexArrayObject.h" />
		<Unit filename="src/GLSupport/include/OgreGLWindow.h" />
		<Unit filename="src/GLSupport/src/GLSL/OgreGLSLPreprocessor.cpp" />
		<Unit filename="src/GLSupport/src/GLSL/OgreGLSLProgramCommon.cpp" />
		<Unit filename="src/GLSupport/src/GLSL/OgreGLSLProgramManagerCommon.cpp" />
		<Unit filename="src/GLSupport/src/GLSL/OgreGLSLShaderCommon.cpp" />
		<Unit filename="src/GLSupport/src/GLX/OgreGLXContext.cpp" />
		<Unit filename="src/GLSupport/src/GLX/OgreGLXGLSupport.cpp" />
		<Unit filename="src/GLSupport/src/GLX/OgreGLXRenderTexture.cpp" />
		<Unit filename="src/GLSupport/src/GLX/OgreGLXWindow.cpp" />
		<Unit filename="src/GLSupport/src/OgreGLDepthBufferCommon.cpp" />
		<Unit filename="src/GLSupport/src/OgreGLHardwarePixelBufferCommon.cpp" />
		<Unit filename="src/GLSupport/src/OgreGLRenderSystemCommon.cpp" />
		<Unit filename="src/GLSupport/src/OgreGLRenderTexture.cpp" />
		<Unit filename="src/GLSupport/src/OgreGLTextureCommon.cpp" />
		<Unit filename="src/GLSupport/src/OgreGLUniformCache.cpp" />
		<Unit filename="src/GLSupport/src/OgreGLVertexArrayObject.cpp" />
		<Unit filename="src/GLSupport/src/OgreGLWindow.cpp" />
		<Unit filename="src/OctreeSceneManager/OgreOctree.cpp" />
		<Unit filename="src/OctreeSceneManager/OgreOctreeCamera.cpp" />
		<Unit filename="src/OctreeSceneManager/OgreOctreeNode.cpp" />
		<Unit filename="src/OctreeSceneManager/OgreOctreePlugin.cpp" />
		<Unit filename="src/OctreeSceneManager/OgreOctreeSceneManager.cpp" />
		<Unit filename="src/OctreeSceneManager/OgreOctreeSceneManagerDll.cpp" />
		<Unit filename="src/OctreeSceneManager/OgreOctreeSceneQuery.cpp" />
		<Unit filename="src/OgreMain/GLX/OgreFileSystemLayer.cpp" />
		<Unit filename="src/OgreMain/OgreASTCCodec.cpp" />
		<Unit filename="src/OgreMain/OgreAlignedAllocator.cpp" />
		<Unit filename="src/OgreMain/OgreAnimable.cpp" />
		<Unit filename="src/OgreMain/OgreAnimation.cpp" />
		<Unit filename="src/OgreMain/OgreAnimationState.cpp" />
		<Unit filename="src/OgreMain/OgreAnimationTrack.cpp" />
		<Unit filename="src/OgreMain/OgreArchive.cpp" />
		<Unit filename="src/OgreMain/OgreArchiveManager.cpp" />
		<Unit filename="src/OgreMain/OgreAutoParamDataSource.cpp" />
		<Unit filename="src/OgreMain/OgreAxisAlignedBox.cpp" />
		<Unit filename="src/OgreMain/OgreBillboard.cpp" />
		<Unit filename="src/OgreMain/OgreBillboardChain.cpp" />
		<Unit filename="src/OgreMain/OgreBillboardParticleRenderer.cpp" />
		<Unit filename="src/OgreMain/OgreBillboardSet.cpp" />
		<Unit filename="src/OgreMain/OgreBone.cpp" />
		<Unit filename="src/OgreMain/OgreBuiltinScriptTranslators.h" />
		<Unit filename="src/OgreMain/OgreCamera.cpp" />
		<Unit filename="src/OgreMain/OgreCodec.cpp" />
		<Unit filename="src/OgreMain/OgreColourValue.cpp" />
		<Unit filename="src/OgreMain/OgreCommon.cpp" />
		<Unit filename="src/OgreMain/OgreCompositionPass.cpp" />
		<Unit filename="src/OgreMain/OgreCompositionTargetPass.cpp" />
		<Unit filename="src/OgreMain/OgreCompositionTechnique.cpp" />
		<Unit filename="src/OgreMain/OgreCompositor.cpp" />
		<Unit filename="src/OgreMain/OgreCompositorChain.cpp" />
		<Unit filename="src/OgreMain/OgreCompositorInstance.cpp" />
		<Unit filename="src/OgreMain/OgreCompositorManager.cpp" />
		<Unit filename="src/OgreMain/OgreConfigFile.cpp" />
		<Unit filename="src/OgreMain/OgreControllerManager.cpp" />
		<Unit filename="src/OgreMain/OgreConvexBody.cpp" />
		<Unit filename="src/OgreMain/OgreDDSCodec.cpp" />
		<Unit filename="src/OgreMain/OgreDataStream.cpp" />
		<Unit filename="src/OgreMain/OgreDefaultDebugDrawer.cpp" />
		<Unit filename="src/OgreMain/OgreDefaultHardwareBufferManager.cpp" />
		<Unit filename="src/OgreMain/OgreDefaultSceneQueries.cpp" />
		<Unit filename="src/OgreMain/OgreDeflate.cpp" />
		<Unit filename="src/OgreMain/OgreDepthBuffer.cpp" />
		<Unit filename="src/OgreMain/OgreDistanceLodStrategy.cpp" />
		<Unit filename="src/OgreMain/OgreDualQuaternion.cpp" />
		<Unit filename="src/OgreMain/OgreDynLib.cpp" />
		<Unit filename="src/OgreMain/OgreDynLibManager.cpp" />
		<Unit filename="src/OgreMain/OgreETCCodec.cpp" />
		<Unit filename="src/OgreMain/OgreEdgeListBuilder.cpp" />
		<Unit filename="src/OgreMain/OgreEntity.cpp" />
		<Unit filename="src/OgreMain/OgreException.cpp" />
		<Unit filename="src/OgreMain/OgreExternalTextureSource.cpp" />
		<Unit filename="src/OgreMain/OgreExternalTextureSourceManager.cpp" />
		<Unit filename="src/OgreMain/OgreFileSystem.cpp" />
		<Unit filename="src/OgreMain/OgreFrustum.cpp" />
		<Unit filename="src/OgreMain/OgreGpuProgram.cpp" />
		<Unit filename="src/OgreMain/OgreGpuProgramManager.cpp" />
		<Unit filename="src/OgreMain/OgreGpuProgramParams.cpp" />
		<Unit filename="src/OgreMain/OgreGpuProgramUsage.cpp" />
		<Unit filename="src/OgreMain/OgreHardwareBufferManager.cpp" />
		<Unit filename="src/OgreMain/OgreHardwareIndexBuffer.cpp" />
		<Unit filename="src/OgreMain/OgreHardwareOcclusionQuery.cpp" />
		<Unit filename="src/OgreMain/OgreHardwarePixelBuffer.cpp" />
		<Unit filename="src/OgreMain/OgreHardwareUniformBuffer.cpp" />
		<Unit filename="src/OgreMain/OgreHardwareVertexBuffer.cpp" />
		<Unit filename="src/OgreMain/OgreHighLevelGpuProgram.cpp" />
		<Unit filename="src/OgreMain/OgreHighLevelGpuProgramManager.cpp" />
		<Unit filename="src/OgreMain/OgreImage.cpp" />
		<Unit filename="src/OgreMain/OgreImageResampler.h" />
		<Unit filename="src/OgreMain/OgreInstanceBatch.cpp" />
		<Unit filename="src/OgreMain/OgreInstanceBatchHW.cpp" />
		<Unit filename="src/OgreMain/OgreInstanceBatchHW_VTF.cpp" />
		<Unit filename="src/OgreMain/OgreInstanceBatchShader.cpp" />
		<Unit filename="src/OgreMain/OgreInstanceBatchVTF.cpp" />
		<Unit filename="src/OgreMain/OgreInstanceManager.cpp" />
		<Unit filename="src/OgreMain/OgreInstancedEntity.cpp" />
		<Unit filename="src/OgreMain/OgreKeyFrame.cpp" />
		<Unit filename="src/OgreMain/OgreLight.cpp" />
		<Unit filename="src/OgreMain/OgreLodStrategy.cpp" />
		<Unit filename="src/OgreMain/OgreLodStrategyManager.cpp" />
		<Unit filename="src/OgreMain/OgreLog.cpp" />
		<Unit filename="src/OgreMain/OgreLogManager.cpp" />
		<Unit filename="src/OgreMain/OgreManualObject.cpp" />
		<Unit filename="src/OgreMain/OgreMaterial.cpp" />
		<Unit filename="src/OgreMain/OgreMaterialManager.cpp" />
		<Unit filename="src/OgreMain/OgreMaterialSerializer.cpp" />
		<Unit filename="src/OgreMain/OgreMath.cpp" />
		<Unit filename="src/OgreMain/OgreMatrix3.cpp" />
		<Unit filename="src/OgreMain/OgreMatrix4.cpp" />
		<Unit filename="src/OgreMain/OgreMesh.cpp" />
		<Unit filename="src/OgreMain/OgreMeshManager.cpp" />
		<Unit filename="src/OgreMain/OgreMeshSerializer.cpp" />
		<Unit filename="src/OgreMain/OgreMeshSerializerImpl.cpp" />
		<Unit filename="src/OgreMain/OgreMeshSerializerImpl.h" />
		<Unit filename="src/OgreMain/OgreMovableObject.cpp" />
		<Unit filename="src/OgreMain/OgreMovablePlane.cpp" />
		<Unit filename="src/OgreMain/OgreMurmurHash3.cpp" />
		<Unit filename="src/OgreMain/OgreNode.cpp" />
		<Unit filename="src/OgreMain/OgreNumerics.cpp" />
		<Unit filename="src/OgreMain/OgreOptimisedUtil.cpp" />
		<Unit filename="src/OgreMain/OgreOptimisedUtilGeneral.cpp" />
		<Unit filename="src/OgreMain/OgreOptimisedUtilSSE.cpp" />
		<Unit filename="src/OgreMain/OgrePVRTCCodec.cpp" />
		<Unit filename="src/OgreMain/OgreParticle.cpp" />
		<Unit filename="src/OgreMain/OgreParticleEmitter.cpp" />
		<Unit filename="src/OgreMain/OgreParticleEmitterCommands.cpp" />
		<Unit filename="src/OgreMain/OgreParticleEmitterCommands.h" />
		<Unit filename="src/OgreMain/OgreParticleIterator.cpp" />
		<Unit filename="src/OgreMain/OgreParticleSystem.cpp" />
		<Unit filename="src/OgreMain/OgreParticleSystemManager.cpp" />
		<Unit filename="src/OgreMain/OgrePass.cpp" />
		<Unit filename="src/OgreMain/OgrePatchMesh.cpp" />
		<Unit filename="src/OgreMain/OgrePatchSurface.cpp" />
		<Unit filename="src/OgreMain/OgrePixelConversions.h" />
		<Unit filename="src/OgreMain/OgrePixelCountLodStrategy.cpp" />
		<Unit filename="src/OgreMain/OgrePixelFormat.cpp" />
		<Unit filename="src/OgreMain/OgrePixelFormatDescriptions.h" />
		<Unit filename="src/OgreMain/OgrePlatformInformation.cpp" />
		<Unit filename="src/OgreMain/OgrePolygon.cpp" />
		<Unit filename="src/OgreMain/OgrePose.cpp" />
		<Unit filename="src/OgreMain/OgrePredefinedControllers.cpp" />
		<Unit filename="src/OgreMain/OgrePrefabFactory.cpp" />
		<Unit filename="src/OgreMain/OgrePrefabFactory.h" />
		<Unit filename="src/OgreMain/OgreProfiler.cpp" />
		<Unit filename="src/OgreMain/OgreQuaternion.cpp" />
		<Unit filename="src/OgreMain/OgreRectangle2D.cpp" />
		<Unit filename="src/OgreMain/OgreRenderQueue.cpp" />
		<Unit filename="src/OgreMain/OgreRenderQueueInvocation.cpp" />
		<Unit filename="src/OgreMain/OgreRenderQueueSortingGrouping.cpp" />
		<Unit filename="src/OgreMain/OgreRenderSystem.cpp" />
		<Unit filename="src/OgreMain/OgreRenderSystemCapabilities.cpp" />
		<Unit filename="src/OgreMain/OgreRenderSystemCapabilitiesManager.cpp" />
		<Unit filename="src/OgreMain/OgreRenderSystemCapabilitiesSerializer.cpp" />
		<Unit filename="src/OgreMain/OgreRenderTarget.cpp" />
		<Unit filename="src/OgreMain/OgreRenderTexture.cpp" />
		<Unit filename="src/OgreMain/OgreRenderToVertexBuffer.cpp" />
		<Unit filename="src/OgreMain/OgreRenderWindow.cpp" />
		<Unit filename="src/OgreMain/OgreRenderable.cpp" />
		<Unit filename="src/OgreMain/OgreResource.cpp" />
		<Unit filename="src/OgreMain/OgreResourceBackgroundQueue.cpp" />
		<Unit filename="src/OgreMain/OgreResourceGroupManager.cpp" />
		<Unit filename="src/OgreMain/OgreResourceManager.cpp" />
		<Unit filename="src/OgreMain/OgreRibbonTrail.cpp" />
		<Unit filename="src/OgreMain/OgreRoot.cpp" />
		<Unit filename="src/OgreMain/OgreRotationSpline.cpp" />
		<Unit filename="src/OgreMain/OgreSIMDHelper.h" />
		<Unit filename="src/OgreMain/OgreSceneLoaderManager.cpp" />
		<Unit filename="src/OgreMain/OgreSceneManager.cpp" />
		<Unit filename="src/OgreMain/OgreSceneManagerEnumerator.cpp" />
		<Unit filename="src/OgreMain/OgreSceneNode.cpp" />
		<Unit filename="src/OgreMain/OgreSceneQuery.cpp" />
		<Unit filename="src/OgreMain/OgreScriptCompiler.cpp" />
		<Unit filename="src/OgreMain/OgreScriptLexer.cpp" />
		<Unit filename="src/OgreMain/OgreScriptLexer.h" />
		<Unit filename="src/OgreMain/OgreScriptParser.cpp" />
		<Unit filename="src/OgreMain/OgreScriptParser.h" />
		<Unit filename="src/OgreMain/OgreScriptTranslator.cpp" />
		<Unit filename="src/OgreMain/OgreSearchOps.cpp" />
		<Unit filename="src/OgreMain/OgreSerializer.cpp" />
		<Unit filename="src/OgreMain/OgreShadowCameraSetup.cpp" />
		<Unit filename="src/OgreMain/OgreShadowCameraSetupFocused.cpp" />
		<Unit filename="src/OgreMain/OgreShadowCameraSetupLiSPSM.cpp" />
		<Unit filename="src/OgreMain/OgreShadowCameraSetupPSSM.cpp" />
		<Unit filename="src/OgreMain/OgreShadowCameraSetupPlaneOptimal.cpp" />
		<Unit filename="src/OgreMain/OgreShadowCaster.cpp" />
		<Unit filename="src/OgreMain/OgreShadowRenderer.cpp" />
		<Unit filename="src/OgreMain/OgreShadowTextureManager.cpp" />
		<Unit filename="src/OgreMain/OgreShadowTextureManager.h" />
		<Unit filename="src/OgreMain/OgreShadowVolumeExtrudeProgram.cpp" />
		<Unit filename="src/OgreMain/OgreShadowVolumeExtrudeProgram.h" />
		<Unit filename="src/OgreMain/OgreSimpleRenderable.cpp" />
		<Unit filename="src/OgreMain/OgreSimpleSpline.cpp" />
		<Unit filename="src/OgreMain/OgreSkeleton.cpp" />
		<Unit filename="src/OgreMain/OgreSkeletonInstance.cpp" />
		<Unit filename="src/OgreMain/OgreSkeletonManager.cpp" />
		<Unit filename="src/OgreMain/OgreSkeletonSerializer.cpp" />
		<Unit filename="src/OgreMain/OgreSkyRenderer.cpp" />
		<Unit filename="src/OgreMain/OgreStableHeaders.h" />
		<Unit filename="src/OgreMain/OgreStaticGeometry.cpp" />
		<Unit filename="src/OgreMain/OgreStreamSerialiser.cpp" />
		<Unit filename="src/OgreMain/OgreString.cpp" />
		<Unit filename="src/OgreMain/OgreStringConverter.cpp" />
		<Unit filename="src/OgreMain/OgreStringInterface.cpp" />
		<Unit filename="src/OgreMain/OgreSubEntity.cpp" />
		<Unit filename="src/OgreMain/OgreSubMesh.cpp" />
		<Unit filename="src/OgreMain/OgreTagPoint.cpp" />
		<Unit filename="src/OgreMain/OgreTangentSpaceCalc.cpp" />
		<Unit filename="src/OgreMain/OgreTechnique.cpp" />
		<Unit filename="src/OgreMain/OgreTexture.cpp" />
		<Unit filename="src/OgreMain/OgreTextureManager.cpp" />
		<Unit filename="src/OgreMain/OgreTextureUnitState.cpp" />
		<Unit filename="src/OgreMain/OgreTimer.cpp" />
		<Unit filename="src/OgreMain/OgreUnifiedHighLevelGpuProgram.cpp" />
		<Unit filename="src/OgreMain/OgreUserObjectBindings.cpp" />
		<Unit filename="src/OgreMain/OgreVector.cpp" />
		<Unit filename="src/OgreMain/OgreVertexIndexData.cpp" />
		<Unit filename="src/OgreMain/OgreViewport.cpp" />
		<Unit filename="src/OgreMain/OgreWireBoundingBox.cpp" />
		<Unit filename="src/OgreMain/OgreWorkQueue.cpp" />
		<Unit filename="src/OgreMain/OgreZip.cpp" />
		<Unit filename="src/OgreMain/SSE2NEON.h" />
		<Unit filename="src/OgreMain/Threading/OgreDefaultWorkQueueStandard.cpp" />
		<Unit filename="src/ParticleFX/OgreAreaEmitter.cpp" />
		<Unit filename="src/ParticleFX/OgreBoxEmitter.cpp" />
		<Unit filename="src/ParticleFX/OgreColourFaderAffector.cpp" />
		<Unit filename="src/ParticleFX/OgreColourFaderAffector2.cpp" />
		<Unit filename="src/ParticleFX/OgreColourImageAffector.cpp" />
		<Unit filename="src/ParticleFX/OgreColourInterpolatorAffector.cpp" />
		<Unit filename="src/ParticleFX/OgreCylinderEmitter.cpp" />
		<Unit filename="src/ParticleFX/OgreDeflectorPlaneAffector.cpp" />
		<Unit filename="src/ParticleFX/OgreDirectionRandomiserAffector.cpp" />
		<Unit filename="src/ParticleFX/OgreEllipsoidEmitter.cpp" />
		<Unit filename="src/ParticleFX/OgreHollowEllipsoidEmitter.cpp" />
		<Unit filename="src/ParticleFX/OgreLinearForceAffector.cpp" />
		<Unit filename="src/ParticleFX/OgreParticleFX.cpp" />
		<Unit filename="src/ParticleFX/OgreParticleFXPlugin.cpp" />
		<Unit filename="src/ParticleFX/OgrePointEmitter.cpp" />
		<Unit filename="src/ParticleFX/OgreRingEmitter.cpp" />
		<Unit filename="src/ParticleFX/OgreRotationAffector.cpp" />
		<Unit filename="src/ParticleFX/OgreScaleAffector.cpp" />
		<Unit filename="src/ParticleFX/OgreTextureAnimatorAffector.cpp" />
		<Unit filename="src/STBICodec/OgreSTBICodec.cpp" />
		<Unit filename="src/STBICodec/stbi/stb_image.h" />
		<Unit filename="src/STBICodec/stbi/stb_image_write.h" />
		<Extensions />
	</Project>
</CodeBlocks_project_file>
